// !$*UTF8*$!
{
	archiveVersion = 1;
	classes = {
	};
	objectVersion = 46;
	objects = {

/* Begin PBXBuildFile section */
		7307D0DD1BF01C3600F68554 /* Siberian Husky.jpg in Resources */ = {isa = PBXBuildFile; fileRef = 7307D0DC1BF01C3600F68554 /* Siberian Husky.jpg */; };
		7307D1561BF0469800F68554 /* Main.storyboard in Resources */ = {isa = PBXBuildFile; fileRef = 7307D1551BF0469800F68554 /* Main.storyboard */; };
		7307D15C1BF0567200F68554 /* FriendsCollectionViewController.swift in Sources */ = {isa = PBXBuildFile; fileRef = 7307D15B1BF0567200F68554 /* FriendsCollectionViewController.swift */; };
		7307D15E1BF0568600F68554 /* FriendsCollectionViewCell.swift in Sources */ = {isa = PBXBuildFile; fileRef = 7307D15D1BF0568600F68554 /* FriendsCollectionViewCell.swift */; };
		7307D1601BF0793700F68554 /* EnterNameViewController.swift in Sources */ = {isa = PBXBuildFile; fileRef = 7307D15F1BF0793700F68554 /* EnterNameViewController.swift */; };
		7307D1621BF0802500F68554 /* User.swift in Sources */ = {isa = PBXBuildFile; fileRef = 7307D1611BF0802500F68554 /* User.swift */; };
		7307D1661BF19E8500F68554 /* EnterEmailAddressViewController.swift in Sources */ = {isa = PBXBuildFile; fileRef = 7307D1651BF19E8500F68554 /* EnterEmailAddressViewController.swift */; };
		7307D1691BF1B5CA00F68554 /* ChoosePasswordViewController.swift in Sources */ = {isa = PBXBuildFile; fileRef = 7307D1681BF1B5CA00F68554 /* ChoosePasswordViewController.swift */; };
		7307D16B1BF1CD4E00F68554 /* SetProfilePhotoViewController.swift in Sources */ = {isa = PBXBuildFile; fileRef = 7307D16A1BF1CD4E00F68554 /* SetProfilePhotoViewController.swift */; };
		73CA501E1BEF333D00B4E216 /* AppDelegate.swift in Sources */ = {isa = PBXBuildFile; fileRef = 73CA501D1BEF333D00B4E216 /* AppDelegate.swift */; };
		73CA50201BEF333D00B4E216 /* ViewController.swift in Sources */ = {isa = PBXBuildFile; fileRef = 73CA501F1BEF333D00B4E216 /* ViewController.swift */; };
		73CA50261BEF333D00B4E216 /* sabr.xcdatamodeld in Sources */ = {isa = PBXBuildFile; fileRef = 73CA50241BEF333D00B4E216 /* sabr.xcdatamodeld */; };
		73CA502B1BEF333D00B4E216 /* LaunchScreen.storyboard in Resources */ = {isa = PBXBuildFile; fileRef = 73CA50291BEF333D00B4E216 /* LaunchScreen.storyboard */; };
		73CA50341BEF33B600B4E216 /* Bolts.framework in Frameworks */ = {isa = PBXBuildFile; fileRef = 73CA50321BEF33B600B4E216 /* Bolts.framework */; };
		73CA50351BEF33B600B4E216 /* Parse.framework in Frameworks */ = {isa = PBXBuildFile; fileRef = 73CA50331BEF33B600B4E216 /* Parse.framework */; };
		73CA50371BEF341F00B4E216 /* AudioToolbox.framework in Frameworks */ = {isa = PBXBuildFile; fileRef = 73CA50361BEF341F00B4E216 /* AudioToolbox.framework */; };
		73CA50391BEF342900B4E216 /* CFNetwork.framework in Frameworks */ = {isa = PBXBuildFile; fileRef = 73CA50381BEF342900B4E216 /* CFNetwork.framework */; };
		73CA503B1BEF343100B4E216 /* CoreGraphics.framework in Frameworks */ = {isa = PBXBuildFile; fileRef = 73CA503A1BEF343100B4E216 /* CoreGraphics.framework */; };
		73CA503D1BEF343800B4E216 /* QuartzCore.framework in Frameworks */ = {isa = PBXBuildFile; fileRef = 73CA503C1BEF343800B4E216 /* QuartzCore.framework */; };
		73CA503F1BEF343E00B4E216 /* Security.framework in Frameworks */ = {isa = PBXBuildFile; fileRef = 73CA503E1BEF343E00B4E216 /* Security.framework */; };
		73CA50411BEF344600B4E216 /* StoreKit.framework in Frameworks */ = {isa = PBXBuildFile; fileRef = 73CA50401BEF344600B4E216 /* StoreKit.framework */; };
		73CA50431BEF344D00B4E216 /* SystemConfiguration.framework in Frameworks */ = {isa = PBXBuildFile; fileRef = 73CA50421BEF344D00B4E216 /* SystemConfiguration.framework */; };
		73CA50451BEF345500B4E216 /* libz.tbd in Frameworks */ = {isa = PBXBuildFile; fileRef = 73CA50441BEF345500B4E216 /* libz.tbd */; };
		73CA50471BEF345E00B4E216 /* libsqlite3.tbd in Frameworks */ = {isa = PBXBuildFile; fileRef = 73CA50461BEF345E00B4E216 /* libsqlite3.tbd */; };
		73CA50491BEF346B00B4E216 /* Accounts.framework in Frameworks */ = {isa = PBXBuildFile; fileRef = 73CA50481BEF346B00B4E216 /* Accounts.framework */; };
		73CA504B1BEF347100B4E216 /* Social.framework in Frameworks */ = {isa = PBXBuildFile; fileRef = 73CA504A1BEF347100B4E216 /* Social.framework */; };
		73E42DB11BF4580D004F768F /* Assets.xcassets in Resources */ = {isa = PBXBuildFile; fileRef = 73E42DB01BF4580D004F768F /* Assets.xcassets */; };
		73E42DB71BF8691B004F768F /* Blurred Background.png in Resources */ = {isa = PBXBuildFile; fileRef = 73E42DB61BF8691B004F768F /* Blurred Background.png */; };
		73E42DB91BF9A856004F768F /* CropPhotoViewController.swift in Sources */ = {isa = PBXBuildFile; fileRef = 73E42DB81BF9A856004F768F /* CropPhotoViewController.swift */; };
/* End PBXBuildFile section */

/* Begin PBXFileReference section */
		7307D0DC1BF01C3600F68554 /* Siberian Husky.jpg */ = {isa = PBXFileReference; lastKnownFileType = image.jpeg; path = "Siberian Husky.jpg"; sourceTree = "<group>"; };
		7307D1551BF0469800F68554 /* Main.storyboard */ = {isa = PBXFileReference; fileEncoding = 4; lastKnownFileType = file.storyboard; path = Main.storyboard; sourceTree = "<group>"; };
		7307D15B1BF0567200F68554 /* FriendsCollectionViewController.swift */ = {isa = PBXFileReference; fileEncoding = 4; lastKnownFileType = sourcecode.swift; path = FriendsCollectionViewController.swift; sourceTree = "<group>"; };
		7307D15D1BF0568600F68554 /* FriendsCollectionViewCell.swift */ = {isa = PBXFileReference; fileEncoding = 4; lastKnownFileType = sourcecode.swift; path = FriendsCollectionViewCell.swift; sourceTree = "<group>"; };
		7307D15F1BF0793700F68554 /* EnterNameViewController.swift */ = {isa = PBXFileReference; fileEncoding = 4; lastKnownFileType = sourcecode.swift; path = EnterNameViewController.swift; sourceTree = "<group>"; };
		7307D1611BF0802500F68554 /* User.swift */ = {isa = PBXFileReference; fileEncoding = 4; lastKnownFileType = sourcecode.swift; path = User.swift; sourceTree = "<group>"; };
		7307D1651BF19E8500F68554 /* EnterEmailAddressViewController.swift */ = {isa = PBXFileReference; fileEncoding = 4; lastKnownFileType = sourcecode.swift; name = EnterEmailAddressViewController.swift; path = ../EnterEmailAddressViewController.swift; sourceTree = "<group>"; };
		7307D1681BF1B5CA00F68554 /* ChoosePasswordViewController.swift */ = {isa = PBXFileReference; fileEncoding = 4; lastKnownFileType = sourcecode.swift; path = ChoosePasswordViewController.swift; sourceTree = "<group>"; };
		7307D16A1BF1CD4E00F68554 /* SetProfilePhotoViewController.swift */ = {isa = PBXFileReference; fileEncoding = 4; lastKnownFileType = sourcecode.swift; path = SetProfilePhotoViewController.swift; sourceTree = "<group>"; };
		73CA501A1BEF333D00B4E216 /* sabr.app */ = {isa = PBXFileReference; explicitFileType = wrapper.application; includeInIndex = 0; path = sabr.app; sourceTree = BUILT_PRODUCTS_DIR; };
		73CA501D1BEF333D00B4E216 /* AppDelegate.swift */ = {isa = PBXFileReference; lastKnownFileType = sourcecode.swift; path = AppDelegate.swift; sourceTree = "<group>"; };
		73CA501F1BEF333D00B4E216 /* ViewController.swift */ = {isa = PBXFileReference; lastKnownFileType = sourcecode.swift; path = ViewController.swift; sourceTree = "<group>"; };
		73CA50251BEF333D00B4E216 /* sabr.xcdatamodel */ = {isa = PBXFileReference; lastKnownFileType = wrapper.xcdatamodel; path = sabr.xcdatamodel; sourceTree = "<group>"; };
		73CA502A1BEF333D00B4E216 /* Base */ = {isa = PBXFileReference; lastKnownFileType = file.storyboard; name = Base; path = Base.lproj/LaunchScreen.storyboard; sourceTree = "<group>"; };
		73CA502C1BEF333D00B4E216 /* Info.plist */ = {isa = PBXFileReference; lastKnownFileType = text.plist.xml; path = Info.plist; sourceTree = "<group>"; };
		73CA50321BEF33B600B4E216 /* Bolts.framework */ = {isa = PBXFileReference; lastKnownFileType = wrapper.framework; path = Bolts.framework; sourceTree = "<group>"; };
		73CA50331BEF33B600B4E216 /* Parse.framework */ = {isa = PBXFileReference; lastKnownFileType = wrapper.framework; path = Parse.framework; sourceTree = "<group>"; };
		73CA50361BEF341F00B4E216 /* AudioToolbox.framework */ = {isa = PBXFileReference; lastKnownFileType = wrapper.framework; name = AudioToolbox.framework; path = System/Library/Frameworks/AudioToolbox.framework; sourceTree = SDKROOT; };
		73CA50381BEF342900B4E216 /* CFNetwork.framework */ = {isa = PBXFileReference; lastKnownFileType = wrapper.framework; name = CFNetwork.framework; path = System/Library/Frameworks/CFNetwork.framework; sourceTree = SDKROOT; };
		73CA503A1BEF343100B4E216 /* CoreGraphics.framework */ = {isa = PBXFileReference; lastKnownFileType = wrapper.framework; name = CoreGraphics.framework; path = System/Library/Frameworks/CoreGraphics.framework; sourceTree = SDKROOT; };
		73CA503C1BEF343800B4E216 /* QuartzCore.framework */ = {isa = PBXFileReference; lastKnownFileType = wrapper.framework; name = QuartzCore.framework; path = System/Library/Frameworks/QuartzCore.framework; sourceTree = SDKROOT; };
		73CA503E1BEF343E00B4E216 /* Security.framework */ = {isa = PBXFileReference; lastKnownFileType = wrapper.framework; name = Security.framework; path = System/Library/Frameworks/Security.framework; sourceTree = SDKROOT; };
		73CA50401BEF344600B4E216 /* StoreKit.framework */ = {isa = PBXFileReference; lastKnownFileType = wrapper.framework; name = StoreKit.framework; path = System/Library/Frameworks/StoreKit.framework; sourceTree = SDKROOT; };
		73CA50421BEF344D00B4E216 /* SystemConfiguration.framework */ = {isa = PBXFileReference; lastKnownFileType = wrapper.framework; name = SystemConfiguration.framework; path = System/Library/Frameworks/SystemConfiguration.framework; sourceTree = SDKROOT; };
		73CA50441BEF345500B4E216 /* libz.tbd */ = {isa = PBXFileReference; lastKnownFileType = "sourcecode.text-based-dylib-definition"; name = libz.tbd; path = usr/lib/libz.tbd; sourceTree = SDKROOT; };
		73CA50461BEF345E00B4E216 /* libsqlite3.tbd */ = {isa = PBXFileReference; lastKnownFileType = "sourcecode.text-based-dylib-definition"; name = libsqlite3.tbd; path = usr/lib/libsqlite3.tbd; sourceTree = SDKROOT; };
		73CA50481BEF346B00B4E216 /* Accounts.framework */ = {isa = PBXFileReference; lastKnownFileType = wrapper.framework; name = Accounts.framework; path = System/Library/Frameworks/Accounts.framework; sourceTree = SDKROOT; };
		73CA504A1BEF347100B4E216 /* Social.framework */ = {isa = PBXFileReference; lastKnownFileType = wrapper.framework; name = Social.framework; path = System/Library/Frameworks/Social.framework; sourceTree = SDKROOT; };
		73E42DB01BF4580D004F768F /* Assets.xcassets */ = {isa = PBXFileReference; lastKnownFileType = folder.assetcatalog; path = Assets.xcassets; sourceTree = "<group>"; };
		73E42DB61BF8691B004F768F /* Blurred Background.png */ = {isa = PBXFileReference; lastKnownFileType = image.png; path = "Blurred Background.png"; sourceTree = "<group>"; };
		73E42DB81BF9A856004F768F /* CropPhotoViewController.swift */ = {isa = PBXFileReference; fileEncoding = 4; lastKnownFileType = sourcecode.swift; path = CropPhotoViewController.swift; sourceTree = "<group>"; };
/* End PBXFileReference section */

/* Begin PBXFrameworksBuildPhase section */
		73CA50171BEF333D00B4E216 /* Frameworks */ = {
			isa = PBXFrameworksBuildPhase;
			buildActionMask = 2147483647;
			files = (
				73CA504B1BEF347100B4E216 /* Social.framework in Frameworks */,
				73CA50491BEF346B00B4E216 /* Accounts.framework in Frameworks */,
				73CA50471BEF345E00B4E216 /* libsqlite3.tbd in Frameworks */,
				73CA50451BEF345500B4E216 /* libz.tbd in Frameworks */,
				73CA50431BEF344D00B4E216 /* SystemConfiguration.framework in Frameworks */,
				73CA50411BEF344600B4E216 /* StoreKit.framework in Frameworks */,
				73CA503F1BEF343E00B4E216 /* Security.framework in Frameworks */,
				73CA503D1BEF343800B4E216 /* QuartzCore.framework in Frameworks */,
				73CA503B1BEF343100B4E216 /* CoreGraphics.framework in Frameworks */,
				73CA50391BEF342900B4E216 /* CFNetwork.framework in Frameworks */,
				73CA50371BEF341F00B4E216 /* AudioToolbox.framework in Frameworks */,
				73CA50351BEF33B600B4E216 /* Parse.framework in Frameworks */,
				73CA50341BEF33B600B4E216 /* Bolts.framework in Frameworks */,
			);
			runOnlyForDeploymentPostprocessing = 0;
		};
/* End PBXFrameworksBuildPhase section */

/* Begin PBXGroup section */
		7307D1671BF19E9700F68554 /* Signup View Controllers */ = {
			isa = PBXGroup;
			children = (
				7307D1651BF19E8500F68554 /* EnterEmailAddressViewController.swift */,
				7307D15F1BF0793700F68554 /* EnterNameViewController.swift */,
				7307D1681BF1B5CA00F68554 /* ChoosePasswordViewController.swift */,
				7307D16A1BF1CD4E00F68554 /* SetProfilePhotoViewController.swift */,
				73E42DB81BF9A856004F768F /* CropPhotoViewController.swift */,
			);
			name = "Signup View Controllers";
			sourceTree = "<group>";
		};
		73CA50111BEF333D00B4E216 = {
			isa = PBXGroup;
			children = (
				73CA501C1BEF333D00B4E216 /* sabr */,
				73CA501B1BEF333D00B4E216 /* Products */,
			);
			sourceTree = "<group>";
		};
		73CA501B1BEF333D00B4E216 /* Products */ = {
			isa = PBXGroup;
			children = (
				73CA501A1BEF333D00B4E216 /* sabr.app */,
			);
			name = Products;
			sourceTree = "<group>";
		};
		73CA501C1BEF333D00B4E216 /* sabr */ = {
			isa = PBXGroup;
			children = (
				73CA501D1BEF333D00B4E216 /* AppDelegate.swift */,
				73CA501F1BEF333D00B4E216 /* ViewController.swift */,
				7307D1551BF0469800F68554 /* Main.storyboard */,
				7307D1611BF0802500F68554 /* User.swift */,
				7307D1671BF19E9700F68554 /* Signup View Controllers */,
				7307D15B1BF0567200F68554 /* FriendsCollectionViewController.swift */,
				7307D15D1BF0568600F68554 /* FriendsCollectionViewCell.swift */,
				73E42DB61BF8691B004F768F /* Blurred Background.png */,
				7307D0DC1BF01C3600F68554 /* Siberian Husky.jpg */,
				73E42DB01BF4580D004F768F /* Assets.xcassets */,
				73CA50291BEF333D00B4E216 /* LaunchScreen.storyboard */,
				73CA502C1BEF333D00B4E216 /* Info.plist */,
				73CA50241BEF333D00B4E216 /* sabr.xcdatamodeld */,
				73CA504C1BEF34BC00B4E216 /* Frameworks */,
			);
			path = sabr;
			sourceTree = "<group>";
		};
		73CA504C1BEF34BC00B4E216 /* Frameworks */ = {
			isa = PBXGroup;
			children = (
				73CA504A1BEF347100B4E216 /* Social.framework */,
				73CA50481BEF346B00B4E216 /* Accounts.framework */,
				73CA50461BEF345E00B4E216 /* libsqlite3.tbd */,
				73CA50441BEF345500B4E216 /* libz.tbd */,
				73CA50421BEF344D00B4E216 /* SystemConfiguration.framework */,
				73CA50401BEF344600B4E216 /* StoreKit.framework */,
				73CA503E1BEF343E00B4E216 /* Security.framework */,
				73CA503C1BEF343800B4E216 /* QuartzCore.framework */,
				73CA503A1BEF343100B4E216 /* CoreGraphics.framework */,
				73CA50381BEF342900B4E216 /* CFNetwork.framework */,
				73CA50361BEF341F00B4E216 /* AudioToolbox.framework */,
				73CA50321BEF33B600B4E216 /* Bolts.framework */,
				73CA50331BEF33B600B4E216 /* Parse.framework */,
			);
			name = Frameworks;
			path = ..;
			sourceTree = "<group>";
		};
/* End PBXGroup section */

/* Begin PBXNativeTarget section */
		73CA50191BEF333D00B4E216 /* sabr */ = {
			isa = PBXNativeTarget;
			buildConfigurationList = 73CA502F1BEF333D00B4E216 /* Build configuration list for PBXNativeTarget "sabr" */;
			buildPhases = (
				73CA50161BEF333D00B4E216 /* Sources */,
				73CA50171BEF333D00B4E216 /* Frameworks */,
				73CA50181BEF333D00B4E216 /* Resources */,
			);
			buildRules = (
			);
			dependencies = (
			);
			name = sabr;
			productName = sabr;
			productReference = 73CA501A1BEF333D00B4E216 /* sabr.app */;
			productType = "com.apple.product-type.application";
		};
/* End PBXNativeTarget section */

/* Begin PBXProject section */
		73CA50121BEF333D00B4E216 /* Project object */ = {
			isa = PBXProject;
			attributes = {
				LastSwiftUpdateCheck = 0710;
				LastUpgradeCheck = 0710;
				ORGANIZATIONNAME = sabr;
				TargetAttributes = {
					73CA50191BEF333D00B4E216 = {
						CreatedOnToolsVersion = 7.1;
						DevelopmentTeam = NBU584CR3T;
					};
				};
			};
			buildConfigurationList = 73CA50151BEF333D00B4E216 /* Build configuration list for PBXProject "sabr" */;
			compatibilityVersion = "Xcode 3.2";
			developmentRegion = English;
			hasScannedForEncodings = 0;
			knownRegions = (
				en,
				Base,
			);
			mainGroup = 73CA50111BEF333D00B4E216;
			productRefGroup = 73CA501B1BEF333D00B4E216 /* Products */;
			projectDirPath = "";
			projectRoot = "";
			targets = (
				73CA50191BEF333D00B4E216 /* sabr */,
			);
		};
/* End PBXProject section */

/* Begin PBXResourcesBuildPhase section */
		73CA50181BEF333D00B4E216 /* Resources */ = {
			isa = PBXResourcesBuildPhase;
			buildActionMask = 2147483647;
			files = (
				73E42DB71BF8691B004F768F /* Blurred Background.png in Resources */,
				73CA502B1BEF333D00B4E216 /* LaunchScreen.storyboard in Resources */,
				7307D0DD1BF01C3600F68554 /* Siberian Husky.jpg in Resources */,
				73E42DB11BF4580D004F768F /* Assets.xcassets in Resources */,
				7307D1561BF0469800F68554 /* Main.storyboard in Resources */,
			);
			runOnlyForDeploymentPostprocessing = 0;
		};
/* End PBXResourcesBuildPhase section */

/* Begin PBXSourcesBuildPhase section */
		73CA50161BEF333D00B4E216 /* Sources */ = {
			isa = PBXSourcesBuildPhase;
			buildActionMask = 2147483647;
			files = (
				7307D1601BF0793700F68554 /* EnterNameViewController.swift in Sources */,
				73CA50201BEF333D00B4E216 /* ViewController.swift in Sources */,
				73CA50261BEF333D00B4E216 /* sabr.xcdatamodeld in Sources */,
				7307D1661BF19E8500F68554 /* EnterEmailAddressViewController.swift in Sources */,
				7307D16B1BF1CD4E00F68554 /* SetProfilePhotoViewController.swift in Sources */,
				7307D15E1BF0568600F68554 /* FriendsCollectionViewCell.swift in Sources */,
				7307D15C1BF0567200F68554 /* FriendsCollectionViewController.swift in Sources */,
				73CA501E1BEF333D00B4E216 /* AppDelegate.swift in Sources */,
				73E42DB91BF9A856004F768F /* CropPhotoViewController.swift in Sources */,
				7307D1691BF1B5CA00F68554 /* ChoosePasswordViewController.swift in Sources */,
				7307D1621BF0802500F68554 /* User.swift in Sources */,
			);
			runOnlyForDeploymentPostprocessing = 0;
		};
/* End PBXSourcesBuildPhase section */

/* Begin PBXVariantGroup section */
		73CA50291BEF333D00B4E216 /* LaunchScreen.storyboard */ = {
			isa = PBXVariantGroup;
			children = (
				73CA502A1BEF333D00B4E216 /* Base */,
			);
			name = LaunchScreen.storyboard;
			sourceTree = "<group>";
		};
/* End PBXVariantGroup section */

/* Begin XCBuildConfiguration section */
		73CA502D1BEF333D00B4E216 /* Debug */ = {
			isa = XCBuildConfiguration;
			buildSettings = {
				ALWAYS_SEARCH_USER_PATHS = NO;
				CLANG_CXX_LANGUAGE_STANDARD = "gnu++0x";
				CLANG_CXX_LIBRARY = "libc++";
				CLANG_ENABLE_MODULES = YES;
				CLANG_ENABLE_OBJC_ARC = YES;
				CLANG_WARN_BOOL_CONVERSION = YES;
				CLANG_WARN_CONSTANT_CONVERSION = YES;
				CLANG_WARN_DIRECT_OBJC_ISA_USAGE = YES_ERROR;
				CLANG_WARN_EMPTY_BODY = YES;
				CLANG_WARN_ENUM_CONVERSION = YES;
				CLANG_WARN_INT_CONVERSION = YES;
				CLANG_WARN_OBJC_ROOT_CLASS = YES_ERROR;
				CLANG_WARN_UNREACHABLE_CODE = YES;
				CLANG_WARN__DUPLICATE_METHOD_MATCH = YES;
				"CODE_SIGN_IDENTITY[sdk=iphoneos*]" = "iPhone Developer";
				COPY_PHASE_STRIP = NO;
				DEBUG_INFORMATION_FORMAT = dwarf;
				ENABLE_STRICT_OBJC_MSGSEND = YES;
				ENABLE_TESTABILITY = YES;
				GCC_C_LANGUAGE_STANDARD = gnu99;
				GCC_DYNAMIC_NO_PIC = NO;
				GCC_NO_COMMON_BLOCKS = YES;
				GCC_OPTIMIZATION_LEVEL = 0;
				GCC_PREPROCESSOR_DEFINITIONS = (
					"DEBUG=1",
					"$(inherited)",
				);
				GCC_WARN_64_TO_32_BIT_CONVERSION = YES;
				GCC_WARN_ABOUT_RETURN_TYPE = YES_ERROR;
				GCC_WARN_UNDECLARED_SELECTOR = YES;
				GCC_WARN_UNINITIALIZED_AUTOS = YES_AGGRESSIVE;
				GCC_WARN_UNUSED_FUNCTION = YES;
				GCC_WARN_UNUSED_VARIABLE = YES;
				IPHONEOS_DEPLOYMENT_TARGET = 9.1;
				MTL_ENABLE_DEBUG_INFO = YES;
				ONLY_ACTIVE_ARCH = YES;
				SDKROOT = iphoneos;
				SWIFT_OPTIMIZATION_LEVEL = "-Onone";
			};
			name = Debug;
		};
		73CA502E1BEF333D00B4E216 /* Release */ = {
			isa = XCBuildConfiguration;
			buildSettings = {
				ALWAYS_SEARCH_USER_PATHS = NO;
				CLANG_CXX_LANGUAGE_STANDARD = "gnu++0x";
				CLANG_CXX_LIBRARY = "libc++";
				CLANG_ENABLE_MODULES = YES;
				CLANG_ENABLE_OBJC_ARC = YES;
				CLANG_WARN_BOOL_CONVERSION = YES;
				CLANG_WARN_CONSTANT_CONVERSION = YES;
				CLANG_WARN_DIRECT_OBJC_ISA_USAGE = YES_ERROR;
				CLANG_WARN_EMPTY_BODY = YES;
				CLANG_WARN_ENUM_CONVERSION = YES;
				CLANG_WARN_INT_CONVERSION = YES;
				CLANG_WARN_OBJC_ROOT_CLASS = YES_ERROR;
				CLANG_WARN_UNREACHABLE_CODE = YES;
				CLANG_WARN__DUPLICATE_METHOD_MATCH = YES;
				"CODE_SIGN_IDENTITY[sdk=iphoneos*]" = "iPhone Developer";
				COPY_PHASE_STRIP = NO;
				DEBUG_INFORMATION_FORMAT = "dwarf-with-dsym";
				ENABLE_NS_ASSERTIONS = NO;
				ENABLE_STRICT_OBJC_MSGSEND = YES;
				GCC_C_LANGUAGE_STANDARD = gnu99;
				GCC_NO_COMMON_BLOCKS = YES;
				GCC_WARN_64_TO_32_BIT_CONVERSION = YES;
				GCC_WARN_ABOUT_RETURN_TYPE = YES_ERROR;
				GCC_WARN_UNDECLARED_SELECTOR = YES;
				GCC_WARN_UNINITIALIZED_AUTOS = YES_AGGRESSIVE;
				GCC_WARN_UNUSED_FUNCTION = YES;
				GCC_WARN_UNUSED_VARIABLE = YES;
				IPHONEOS_DEPLOYMENT_TARGET = 9.1;
				MTL_ENABLE_DEBUG_INFO = NO;
				SDKROOT = iphoneos;
				VALIDATE_PRODUCT = YES;
			};
			name = Release;
		};
		73CA50301BEF333D00B4E216 /* Debug */ = {
			isa = XCBuildConfiguration;
			buildSettings = {
				ASSETCATALOG_COMPILER_APPICON_NAME = AppIcon;
				CODE_SIGN_IDENTITY = "iPhone Developer";
				"CODE_SIGN_IDENTITY[sdk=iphoneos*]" = "iPhone Developer";
				FRAMEWORK_SEARCH_PATHS = (
					"$(inherited)",
					"$(PROJECT_DIR)",
				);
				INFOPLIST_FILE = sabr/Info.plist;
				IPHONEOS_DEPLOYMENT_TARGET = 9.1;
				LD_RUNPATH_SEARCH_PATHS = "$(inherited) @executable_path/Frameworks";
				PRODUCT_BUNDLE_IDENTIFIER = com.sabr.sabr;
				PRODUCT_NAME = "$(TARGET_NAME)";
				PROVISIONING_PROFILE = "";
			};
			name = Debug;
		};
		73CA50311BEF333D00B4E216 /* Release */ = {
			isa = XCBuildConfiguration;
			buildSettings = {
				ASSETCATALOG_COMPILER_APPICON_NAME = AppIcon;
				CODE_SIGN_IDENTITY = "iPhone Developer";
				"CODE_SIGN_IDENTITY[sdk=iphoneos*]" = "iPhone Developer";
				FRAMEWORK_SEARCH_PATHS = (
					"$(inherited)",
					"$(PROJECT_DIR)",
				);
				INFOPLIST_FILE = sabr/Info.plist;
				IPHONEOS_DEPLOYMENT_TARGET = 9.1;
				LD_RUNPATH_SEARCH_PATHS = "$(inherited) @executable_path/Frameworks";
				PRODUCT_BUNDLE_IDENTIFIER = com.sabr.sabr;
				PRODUCT_NAME = "$(TARGET_NAME)";
				PROVISIONING_PROFILE = "";
			};
			name = Release;
		};
/* End XCBuildConfiguration section */

/* Begin XCConfigurationList section */
		73CA50151BEF333D00B4E216 /* Build configuration list for PBXProject "sabr" */ = {
			isa = XCConfigurationList;
			buildConfigurations = (
				73CA502D1BEF333D00B4E216 /* Debug */,
				73CA502E1BEF333D00B4E216 /* Release */,
			);
			defaultConfigurationIsVisible = 0;
			defaultConfigurationName = Release;
		};
		73CA502F1BEF333D00B4E216 /* Build configuration list for PBXNativeTarget "sabr" */ = {
			isa = XCConfigurationList;
			buildConfigurations = (
				73CA50301BEF333D00B4E216 /* Debug */,
				73CA50311BEF333D00B4E216 /* Release */,
			);
			defaultConfigurationIsVisible = 0;
			defaultConfigurationName = Release;
		};
/* End XCConfigurationList section */

/* Begin XCVersionGroup section */
		73CA50241BEF333D00B4E216 /* sabr.xcdatamodeld */ = {
			isa = XCVersionGroup;
			children = (
				73CA50251BEF333D00B4E216 /* sabr.xcdatamodel */,
			);
			currentVersion = 73CA50251BEF333D00B4E216 /* sabr.xcdatamodel */;
			path = sabr.xcdatamodeld;
			sourceTree = "<group>";
			versionGroupType = wrapper.xcdatamodel;
		};
/* End XCVersionGroup section */
	};
	rootObject = 73CA50121BEF333D00B4E216 /* Project object */;
}
